
Microsoft Visual Studio Solution File, Format Version 12.00
# Visual Studio Version 17
VisualStudioVersion = 17.5.002.0
MinimumVisualStudioVersion = 10.0.40219.1
Project("{9A19103F-16F7-4668-BE54-9A1E7A4F7556}") = "miccore", "miccore.csproj", "{DFDE68D2-EFE7-4122-BC2A-A97361F0D696}"
EndProject
Global
	GlobalSection(SolutionConfigurationPlatforms) = preSolution
		Debug|Any CPU = Debug|Any CPU
		Release|Any CPU = Release|Any CPU
	EndGlobalSection
	GlobalSection(ProjectConfigurationPlatforms) = postSolution
		{DFDE68D2-EFE7-4122-BC2A-A97361F0D696}.Debug|Any CPU.ActiveCfg = Debug|Any CPU
		{DFDE68D2-EFE7-4122-BC2A-A97361F0D696}.Debug|Any CPU.Build.0 = Debug|Any CPU
		{DFDE68D2-EFE7-4122-BC2A-A97361F0D696}.Release|Any CPU.ActiveCfg = Release|Any CPU
		{DFDE68D2-EFE7-4122-BC2A-A97361F0D696}.Release|Any CPU.Build.0 = Release|Any CPU
	EndGlobalSection
	GlobalSection(SolutionProperties) = preSolution
		HideSolutionNode = FALSE
	EndGlobalSection
	GlobalSection(ExtensibilityGlobals) = postSolution
		SolutionGuid = {2216655B-AF98-4BAC-85B5-3B64128B5526}
	EndGlobalSection
EndGlobal
